lockfileVersion: '9.0'

settings:
  autoInstallPeers: true
  excludeLinksFromLockfile: false

overrides:
  rollup@>=4.0.0 <4.59.0: '>=4.59.0'
  vite@>=7.1.0 <=7.1.10: '>=7.1.11'
  vite@>=7.1.0 <=7.1.4: '>=7.1.5'

importers:

  .:
    dependencies:
      typescript:
        specifier: '>=5.0.0'
        version: 5.9.3

packages:

  typescript@5.9.3:
    resolution: {integrity: sha512-jl1vZzPDinLr9eUt3J/t7V6FgNEw9QjvBPdysz9KfQDD41fQrC2Y4vKQdiaUpFT4bXlb1RHhLpp8wtm6M5TgSw==}
    engines: {node: '>=14.17'}
    hasBin: true

snapshots:

  typescript@5.9.3: {}
